
Microsoft Visual Studio Solution File, Format Version 12.00
# Visual Studio Version 17
VisualStudioVersion = 17.6.33815.320
MinimumVisualStudioVersion = 10.0.40219.1
Project("{FAE04EC0-301F-11D3-BF4B-00C04F79EFBC}") = "ConsoleApp8", "ConsoleApp8\ConsoleApp8.csproj", "{21A03F72-7D1B-461E-8EFF-926579208CB9}"
EndProject
Global
	GlobalSection(SolutionConfigurationPlatforms) = preSolution
		Debug|Any CPU = Debug|Any CPU
		Release|Any CPU = Release|Any CPU
	EndGlobalSection
	GlobalSection(ProjectConfigurationPlatforms) = postSolution
		{21A03F72-7D1B-461E-8EFF-926579208CB9}.Debug|Any CPU.ActiveCfg = Debug|Any CPU
		{21A03F72-7D1B-461E-8EFF-926579208CB9}.Debug|Any CPU.Build.0 = Debug|Any CPU
		{21A03F72-7D1B-461E-8EFF-926579208CB9}.Release|Any CPU.ActiveCfg = Release|Any CPU
		{21A03F72-7D1B-461E-8EFF-926579208CB9}.Release|Any CPU.Build.0 = Release|Any CPU
	EndGlobalSection
	GlobalSection(SolutionProperties) = preSolution
		HideSolutionNode = FALSE
	EndGlobalSection
	GlobalSection(ExtensibilityGlobals) = postSolution
		SolutionGuid = {B47920C5-D30B-4519-BA0F-91B2094FD563}
	EndGlobalSection
EndGlobal
